
Microsoft Visual Studio Solution File, Format Version 12.00
# Visual Studio Version 17
VisualStudioVersion = 17.0.32112.339
MinimumVisualStudioVersion = 10.0.40219.1
Project("{FAE04EC0-301F-11D3-BF4B-00C04F79EFBC}") = "TaskChaining", "TaskChaining\TaskChaining.csproj", "{BA9DB4DF-BDCE-4BE6-8950-468B3D041DDD}"
EndProject
Project("{FAE04EC0-301F-11D3-BF4B-00C04F79EFBC}") = "TasksLib", "TasksLib\TasksLib.csproj", "{175DC0E9-ADFF-4252-9FA4-BA3CA3129B77}"
EndProject
Project("{FAE04EC0-301F-11D3-BF4B-00C04F79EFBC}") = "TaskChaining.UnitTests", "TaskChaining.UnitTests\TaskChaining.UnitTests.csproj", "{83D40081-BECB-498A-8EB2-739E7946DFF9}"
EndProject
Global
	GlobalSection(SolutionConfigurationPlatforms) = preSolution
		Debug|Any CPU = Debug|Any CPU
		Release|Any CPU = Release|Any CPU
	EndGlobalSection
	GlobalSection(ProjectConfigurationPlatforms) = postSolution
		{BA9DB4DF-BDCE-4BE6-8950-468B3D041DDD}.Debug|Any CPU.ActiveCfg = Debug|Any CPU
		{BA9DB4DF-BDCE-4BE6-8950-468B3D041DDD}.Debug|Any CPU.Build.0 = Debug|Any CPU
		{BA9DB4DF-BDCE-4BE6-8950-468B3D041DDD}.Release|Any CPU.ActiveCfg = Release|Any CPU
		{BA9DB4DF-BDCE-4BE6-8950-468B3D041DDD}.Release|Any CPU.Build.0 = Release|Any CPU
		{175DC0E9-ADFF-4252-9FA4-BA3CA3129B77}.Debug|Any CPU.ActiveCfg = Debug|Any CPU
		{175DC0E9-ADFF-4252-9FA4-BA3CA3129B77}.Debug|Any CPU.Build.0 = Debug|Any CPU
		{175DC0E9-ADFF-4252-9FA4-BA3CA3129B77}.Release|Any CPU.ActiveCfg = Release|Any CPU
		{175DC0E9-ADFF-4252-9FA4-BA3CA3129B77}.Release|Any CPU.Build.0 = Release|Any CPU
		{83D40081-BECB-498A-8EB2-739E7946DFF9}.Debug|Any CPU.ActiveCfg = Debug|Any CPU
		{83D40081-BECB-498A-8EB2-739E7946DFF9}.Debug|Any CPU.Build.0 = Debug|Any CPU
		{83D40081-BECB-498A-8EB2-739E7946DFF9}.Release|Any CPU.ActiveCfg = Release|Any CPU
		{83D40081-BECB-498A-8EB2-739E7946DFF9}.Release|Any CPU.Build.0 = Release|Any CPU
	EndGlobalSection
	GlobalSection(SolutionProperties) = preSolution
		HideSolutionNode = FALSE
	EndGlobalSection
	GlobalSection(ExtensibilityGlobals) = postSolution
		SolutionGuid = {F7D25C1B-84F1-40E4-8DBB-6A6F11936CD3}
	EndGlobalSection
EndGlobal
